
Microsoft Visual Studio Solution File, Format Version 12.00
Project("{2150E333-8FDC-42A3-9474-1A3956D46DE8}") = "src", "src", "{445B90AE-738F-4D32-A497-94803A945F65}"
EndProject
Project("{2150E333-8FDC-42A3-9474-1A3956D46DE8}") = "Services", "Services", "{AD0EC799-3DBF-41D8-8A16-41E96170CBA4}"
EndProject
Project("{2150E333-8FDC-42A3-9474-1A3956D46DE8}") = "BuildingBlocks", "BuildingBlocks", "{3AB39D2F-C764-4B0E-846C-C3EE72E48F8F}"
EndProject
Project("{2150E333-8FDC-42A3-9474-1A3956D46DE8}") = "ApiGateways", "ApiGateways", "{4B38CAB5-F6B4-4B76-99BC-9DD678D5237E}"
EndProject
Project("{2150E333-8FDC-42A3-9474-1A3956D46DE8}") = "WebApps", "WebApps", "{F78EF975-A3C0-42C3-86D9-E4D7D50B56CF}"
EndProject
Project("{2150E333-8FDC-42A3-9474-1A3956D46DE8}") = "HealthCheck", "HealthCheck", "{C3690F88-DCF3-4BBB-A9A2-7EA299F883BF}"
EndProject
Project("{2150E333-8FDC-42A3-9474-1A3956D46DE8}") = "UI", "UI", "{1F9612F6-01FA-4047-A3B8-4F69B958D14F}"
EndProject
Project("{2150E333-8FDC-42A3-9474-1A3956D46DE8}") = "Category", "Category", "{2E2D0FEE-83F2-4104-A2BD-D1D3111AB76E}"
EndProject
Project("{2150E333-8FDC-42A3-9474-1A3956D46DE8}") = "Post", "Post", "{BD7E8943-9B9B-4219-A415-CF85CBEE76D5}"
EndProject
Project("{2150E333-8FDC-42A3-9474-1A3956D46DE8}") = "Series", "Series", "{D86D3046-98B5-4E43-866A-CFC7F37CF4CA}"
EndProject
Project("{2150E333-8FDC-42A3-9474-1A3956D46DE8}") = "Tag", "Tag", "{4DFF1218-2E07-413C-8FFA-B43EEA9E696A}"
EndProject
Project("{FAE04EC0-301F-11D3-BF4B-00C04F79EFBC}") = "Contracts", "src\BuildingBlocks\Contracts\Contracts.csproj", "{6BE2F78C-CF10-4B5C-9099-FEFDAD14947F}"
EndProject
Project("{FAE04EC0-301F-11D3-BF4B-00C04F79EFBC}") = "Infrastructure", "src\BuildingBlocks\Infrastructure\Infrastructure.csproj", "{A9920FE4-AB50-472D-B7F2-F1AF3C17E908}"
EndProject
Project("{FAE04EC0-301F-11D3-BF4B-00C04F79EFBC}") = "Shared", "src\BuildingBlocks\Shared\Shared.csproj", "{94CA2C10-CC5F-4477-915D-D954231EF7B0}"
EndProject
Project("{FAE04EC0-301F-11D3-BF4B-00C04F79EFBC}") = "Logging", "src\BuildingBlocks\Logging\Logging.csproj", "{838E15ED-0DA6-466E-BE26-F36CC20EDB31}"
EndProject
Project("{FAE04EC0-301F-11D3-BF4B-00C04F79EFBC}") = "Ocelot.Gw", "src\ApiGateways\Ocelot.Gw\Ocelot.Gw.csproj", "{28C05027-E1C1-4718-AE4F-325366B70325}"
EndProject
Project("{FAE04EC0-301F-11D3-BF4B-00C04F79EFBC}") = "Category.Api", "src\Services\Category\Category.Api\Category.Api.csproj", "{33C9B90D-9514-4196-B13C-7C4B5C4BC527}"
EndProject
Project("{2150E333-8FDC-42A3-9474-1A3956D46DE8}") = "solution items", "solution items", "{E7479EF2-6D2E-494F-9BBA-5F03EEE5F9DC}"
	ProjectSection(SolutionItems) = preProject
		src\docker-compose.override.yml = src\docker-compose.override.yml
		src\docker-compose.yml = src\docker-compose.yml
		global.json = global.json
		README.md = README.md
	EndProjectSection
EndProject
Project("{FAE04EC0-301F-11D3-BF4B-00C04F79EFBC}") = "WebApps.HealthCheck", "src\WebApps\HealthCheck\WebApps.HealthCheck\WebApps.HealthCheck.csproj", "{6E789577-FE07-462B-8492-883FEC438F2A}"
EndProject
Project("{FAE04EC0-301F-11D3-BF4B-00C04F79EFBC}") = "Post.Api", "src\Services\Post\Post.Api\Post.Api.csproj", "{21A56ADE-4B1E-4411-9EC5-7B48A1D8E6E4}"
EndProject
Project("{FAE04EC0-301F-11D3-BF4B-00C04F79EFBC}") = "Post.Application", "src\Services\Post\Post.Application\Post.Application.csproj", "{D0C54643-2A0B-4F39-96F6-A465C386D51A}"
EndProject
Project("{FAE04EC0-301F-11D3-BF4B-00C04F79EFBC}") = "Post.Domain", "src\Services\Post\Post.Domain\Post.Domain.csproj", "{78952E48-79B6-4778-9261-603BF05123AF}"
EndProject
Project("{FAE04EC0-301F-11D3-BF4B-00C04F79EFBC}") = "Post.Infrastructure", "src\Services\Post\Post.Infrastructure\Post.Infrastructure.csproj", "{FC71337D-44C1-4BF1-AD1B-9207D53F6898}"
EndProject
Project("{FAE04EC0-301F-11D3-BF4B-00C04F79EFBC}") = "Category.Grpc", "src\Services\Category\Category.Grpc\Category.Grpc.csproj", "{AAEF3178-5CEB-40AC-8EA4-E6856B5719CB}"
EndProject
Project("{FAE04EC0-301F-11D3-BF4B-00C04F79EFBC}") = "Post.Grpc", "src\Services\Post\Post.Grpc\Post.Grpc.csproj", "{75997FBC-438F-46D4-A80F-AE7D41F62377}"
EndProject
Project("{FAE04EC0-301F-11D3-BF4B-00C04F79EFBC}") = "Series.Api", "src\Services\Series\Series.Api\Series.Api.csproj", "{297183A1-C651-44A3-A385-DF8B717268FD}"
EndProject
Project("{FAE04EC0-301F-11D3-BF4B-00C04F79EFBC}") = "Series.Grpc", "src\Services\Series\Series.Grpc\Series.Grpc.csproj", "{271CEBBF-0721-4B00-BD2C-B87D0F20A91C}"
EndProject
Project("{2150E333-8FDC-42A3-9474-1A3956D46DE8}") = "PostInSeries", "PostInSeries", "{FAEF5F04-8222-46AA-B36A-172EEA9CD58F}"
EndProject
Project("{FAE04EC0-301F-11D3-BF4B-00C04F79EFBC}") = "PostInSeries.Api", "src\Services\PostInSeries\PostInSeries.Api\PostInSeries.Api.csproj", "{90A9DDB0-F649-42F2-AE22-B8717A56E95D}"
EndProject
Project("{2150E333-8FDC-42A3-9474-1A3956D46DE8}") = "BackgroundJobs", "BackgroundJobs", "{771A503F-B4E8-418C-8A9E-AFE3D0AE9876}"
EndProject
Project("{FAE04EC0-301F-11D3-BF4B-00C04F79EFBC}") = "Hangfire.Api", "src\Services\BackgroundJobs\Hangfire.Api\Hangfire.Api.csproj", "{FF19CD65-5AEA-4A04-BBB6-A3AD4E32063D}"
EndProject
Project("{FAE04EC0-301F-11D3-BF4B-00C04F79EFBC}") = "EventBus", "src\BuildingBlocks\EventBus\EventBus.csproj", "{24804081-523D-47B0-9E43-8612A89DF6FF}"
EndProject
Project("{2150E333-8FDC-42A3-9474-1A3956D46DE8}") = "Identity", "Identity", "{39F6D4B2-805C-4106-919F-63F88D61A8E3}"
EndProject
Project("{FAE04EC0-301F-11D3-BF4B-00C04F79EFBC}") = "Identity.Api", "src\Services\Identity\Identity.Api\Identity.Api.csproj", "{5DFFEBEA-415B-4942-A9E9-6408387262FC}"
EndProject
Project("{FAE04EC0-301F-11D3-BF4B-00C04F79EFBC}") = "Identity.Presentation", "src\Services\Identity\Identity.Presentation\Identity.Presentation.csproj", "{E6DE552D-E1AF-45E5-969F-2C00564066F9}"
EndProject
Project("{FAE04EC0-301F-11D3-BF4B-00C04F79EFBC}") = "Identity.Infrastructure", "src\Services\Identity\Identity.Infrastructure\Identity.Infrastructure.csproj", "{70FDD216-1726-4335-BC82-B8CDD0EE5122}"
EndProject
Global
	GlobalSection(SolutionConfigurationPlatforms) = preSolution
		Debug|Any CPU = Debug|Any CPU
		Release|Any CPU = Release|Any CPU
	EndGlobalSection
	GlobalSection(NestedProjects) = preSolution
		{AD0EC799-3DBF-41D8-8A16-41E96170CBA4} = {445B90AE-738F-4D32-A497-94803A945F65}
		{3AB39D2F-C764-4B0E-846C-C3EE72E48F8F} = {445B90AE-738F-4D32-A497-94803A945F65}
		{4B38CAB5-F6B4-4B76-99BC-9DD678D5237E} = {445B90AE-738F-4D32-A497-94803A945F65}
		{F78EF975-A3C0-42C3-86D9-E4D7D50B56CF} = {445B90AE-738F-4D32-A497-94803A945F65}
		{C3690F88-DCF3-4BBB-A9A2-7EA299F883BF} = {F78EF975-A3C0-42C3-86D9-E4D7D50B56CF}
		{1F9612F6-01FA-4047-A3B8-4F69B958D14F} = {F78EF975-A3C0-42C3-86D9-E4D7D50B56CF}
		{2E2D0FEE-83F2-4104-A2BD-D1D3111AB76E} = {AD0EC799-3DBF-41D8-8A16-41E96170CBA4}
		{BD7E8943-9B9B-4219-A415-CF85CBEE76D5} = {AD0EC799-3DBF-41D8-8A16-41E96170CBA4}
		{D86D3046-98B5-4E43-866A-CFC7F37CF4CA} = {AD0EC799-3DBF-41D8-8A16-41E96170CBA4}
		{4DFF1218-2E07-413C-8FFA-B43EEA9E696A} = {AD0EC799-3DBF-41D8-8A16-41E96170CBA4}
		{6BE2F78C-CF10-4B5C-9099-FEFDAD14947F} = {3AB39D2F-C764-4B0E-846C-C3EE72E48F8F}
		{A9920FE4-AB50-472D-B7F2-F1AF3C17E908} = {3AB39D2F-C764-4B0E-846C-C3EE72E48F8F}
		{94CA2C10-CC5F-4477-915D-D954231EF7B0} = {3AB39D2F-C764-4B0E-846C-C3EE72E48F8F}
		{838E15ED-0DA6-466E-BE26-F36CC20EDB31} = {3AB39D2F-C764-4B0E-846C-C3EE72E48F8F}
		{28C05027-E1C1-4718-AE4F-325366B70325} = {4B38CAB5-F6B4-4B76-99BC-9DD678D5237E}
		{33C9B90D-9514-4196-B13C-7C4B5C4BC527} = {2E2D0FEE-83F2-4104-A2BD-D1D3111AB76E}
		{6E789577-FE07-462B-8492-883FEC438F2A} = {C3690F88-DCF3-4BBB-A9A2-7EA299F883BF}
		{21A56ADE-4B1E-4411-9EC5-7B48A1D8E6E4} = {BD7E8943-9B9B-4219-A415-CF85CBEE76D5}
		{D0C54643-2A0B-4F39-96F6-A465C386D51A} = {BD7E8943-9B9B-4219-A415-CF85CBEE76D5}
		{78952E48-79B6-4778-9261-603BF05123AF} = {BD7E8943-9B9B-4219-A415-CF85CBEE76D5}
		{FC71337D-44C1-4BF1-AD1B-9207D53F6898} = {BD7E8943-9B9B-4219-A415-CF85CBEE76D5}
		{AAEF3178-5CEB-40AC-8EA4-E6856B5719CB} = {2E2D0FEE-83F2-4104-A2BD-D1D3111AB76E}
		{75997FBC-438F-46D4-A80F-AE7D41F62377} = {BD7E8943-9B9B-4219-A415-CF85CBEE76D5}
		{297183A1-C651-44A3-A385-DF8B717268FD} = {D86D3046-98B5-4E43-866A-CFC7F37CF4CA}
		{271CEBBF-0721-4B00-BD2C-B87D0F20A91C} = {D86D3046-98B5-4E43-866A-CFC7F37CF4CA}
		{FAEF5F04-8222-46AA-B36A-172EEA9CD58F} = {AD0EC799-3DBF-41D8-8A16-41E96170CBA4}
		{90A9DDB0-F649-42F2-AE22-B8717A56E95D} = {FAEF5F04-8222-46AA-B36A-172EEA9CD58F}
		{771A503F-B4E8-418C-8A9E-AFE3D0AE9876} = {AD0EC799-3DBF-41D8-8A16-41E96170CBA4}
		{FF19CD65-5AEA-4A04-BBB6-A3AD4E32063D} = {771A503F-B4E8-418C-8A9E-AFE3D0AE9876}
		{24804081-523D-47B0-9E43-8612A89DF6FF} = {3AB39D2F-C764-4B0E-846C-C3EE72E48F8F}
		{39F6D4B2-805C-4106-919F-63F88D61A8E3} = {AD0EC799-3DBF-41D8-8A16-41E96170CBA4}
		{5DFFEBEA-415B-4942-A9E9-6408387262FC} = {39F6D4B2-805C-4106-919F-63F88D61A8E3}
		{E6DE552D-E1AF-45E5-969F-2C00564066F9} = {39F6D4B2-805C-4106-919F-63F88D61A8E3}
		{70FDD216-1726-4335-BC82-B8CDD0EE5122} = {39F6D4B2-805C-4106-919F-63F88D61A8E3}
	EndGlobalSection
	GlobalSection(ProjectConfigurationPlatforms) = postSolution
		{6BE2F78C-CF10-4B5C-9099-FEFDAD14947F}.Debug|Any CPU.ActiveCfg = Debug|Any CPU
		{6BE2F78C-CF10-4B5C-9099-FEFDAD14947F}.Debug|Any CPU.Build.0 = Debug|Any CPU
		{6BE2F78C-CF10-4B5C-9099-FEFDAD14947F}.Release|Any CPU.ActiveCfg = Release|Any CPU
		{6BE2F78C-CF10-4B5C-9099-FEFDAD14947F}.Release|Any CPU.Build.0 = Release|Any CPU
		{A9920FE4-AB50-472D-B7F2-F1AF3C17E908}.Debug|Any CPU.ActiveCfg = Debug|Any CPU
		{A9920FE4-AB50-472D-B7F2-F1AF3C17E908}.Debug|Any CPU.Build.0 = Debug|Any CPU
		{A9920FE4-AB50-472D-B7F2-F1AF3C17E908}.Release|Any CPU.ActiveCfg = Release|Any CPU
		{A9920FE4-AB50-472D-B7F2-F1AF3C17E908}.Release|Any CPU.Build.0 = Release|Any CPU
		{94CA2C10-CC5F-4477-915D-D954231EF7B0}.Debug|Any CPU.ActiveCfg = Debug|Any CPU
		{94CA2C10-CC5F-4477-915D-D954231EF7B0}.Debug|Any CPU.Build.0 = Debug|Any CPU
		{94CA2C10-CC5F-4477-915D-D954231EF7B0}.Release|Any CPU.ActiveCfg = Release|Any CPU
		{94CA2C10-CC5F-4477-915D-D954231EF7B0}.Release|Any CPU.Build.0 = Release|Any CPU
		{838E15ED-0DA6-466E-BE26-F36CC20EDB31}.Debug|Any CPU.ActiveCfg = Debug|Any CPU
		{838E15ED-0DA6-466E-BE26-F36CC20EDB31}.Debug|Any CPU.Build.0 = Debug|Any CPU
		{838E15ED-0DA6-466E-BE26-F36CC20EDB31}.Release|Any CPU.ActiveCfg = Release|Any CPU
		{838E15ED-0DA6-466E-BE26-F36CC20EDB31}.Release|Any CPU.Build.0 = Release|Any CPU
		{28C05027-E1C1-4718-AE4F-325366B70325}.Debug|Any CPU.ActiveCfg = Debug|Any CPU
		{28C05027-E1C1-4718-AE4F-325366B70325}.Debug|Any CPU.Build.0 = Debug|Any CPU
		{28C05027-E1C1-4718-AE4F-325366B70325}.Release|Any CPU.ActiveCfg = Release|Any CPU
		{28C05027-E1C1-4718-AE4F-325366B70325}.Release|Any CPU.Build.0 = Release|Any CPU
		{33C9B90D-9514-4196-B13C-7C4B5C4BC527}.Debug|Any CPU.ActiveCfg = Debug|Any CPU
		{33C9B90D-9514-4196-B13C-7C4B5C4BC527}.Debug|Any CPU.Build.0 = Debug|Any CPU
		{33C9B90D-9514-4196-B13C-7C4B5C4BC527}.Release|Any CPU.ActiveCfg = Release|Any CPU
		{33C9B90D-9514-4196-B13C-7C4B5C4BC527}.Release|Any CPU.Build.0 = Release|Any CPU
		{6E789577-FE07-462B-8492-883FEC438F2A}.Debug|Any CPU.ActiveCfg = Debug|Any CPU
		{6E789577-FE07-462B-8492-883FEC438F2A}.Debug|Any CPU.Build.0 = Debug|Any CPU
		{6E789577-FE07-462B-8492-883FEC438F2A}.Release|Any CPU.ActiveCfg = Release|Any CPU
		{6E789577-FE07-462B-8492-883FEC438F2A}.Release|Any CPU.Build.0 = Release|Any CPU
		{21A56ADE-4B1E-4411-9EC5-7B48A1D8E6E4}.Debug|Any CPU.ActiveCfg = Debug|Any CPU
		{21A56ADE-4B1E-4411-9EC5-7B48A1D8E6E4}.Debug|Any CPU.Build.0 = Debug|Any CPU
		{21A56ADE-4B1E-4411-9EC5-7B48A1D8E6E4}.Release|Any CPU.ActiveCfg = Release|Any CPU
		{21A56ADE-4B1E-4411-9EC5-7B48A1D8E6E4}.Release|Any CPU.Build.0 = Release|Any CPU
		{D0C54643-2A0B-4F39-96F6-A465C386D51A}.Debug|Any CPU.ActiveCfg = Debug|Any CPU
		{D0C54643-2A0B-4F39-96F6-A465C386D51A}.Debug|Any CPU.Build.0 = Debug|Any CPU
		{D0C54643-2A0B-4F39-96F6-A465C386D51A}.Release|Any CPU.ActiveCfg = Release|Any CPU
		{D0C54643-2A0B-4F39-96F6-A465C386D51A}.Release|Any CPU.Build.0 = Release|Any CPU
		{78952E48-79B6-4778-9261-603BF05123AF}.Debug|Any CPU.ActiveCfg = Debug|Any CPU
		{78952E48-79B6-4778-9261-603BF05123AF}.Debug|Any CPU.Build.0 = Debug|Any CPU
		{78952E48-79B6-4778-9261-603BF05123AF}.Release|Any CPU.ActiveCfg = Release|Any CPU
		{78952E48-79B6-4778-9261-603BF05123AF}.Release|Any CPU.Build.0 = Release|Any CPU
		{FC71337D-44C1-4BF1-AD1B-9207D53F6898}.Debug|Any CPU.ActiveCfg = Debug|Any CPU
		{FC71337D-44C1-4BF1-AD1B-9207D53F6898}.Debug|Any CPU.Build.0 = Debug|Any CPU
		{FC71337D-44C1-4BF1-AD1B-9207D53F6898}.Release|Any CPU.ActiveCfg = Release|Any CPU
		{FC71337D-44C1-4BF1-AD1B-9207D53F6898}.Release|Any CPU.Build.0 = Release|Any CPU
		{AAEF3178-5CEB-40AC-8EA4-E6856B5719CB}.Debug|Any CPU.ActiveCfg = Debug|Any CPU
		{AAEF3178-5CEB-40AC-8EA4-E6856B5719CB}.Debug|Any CPU.Build.0 = Debug|Any CPU
		{AAEF3178-5CEB-40AC-8EA4-E6856B5719CB}.Release|Any CPU.ActiveCfg = Release|Any CPU
		{AAEF3178-5CEB-40AC-8EA4-E6856B5719CB}.Release|Any CPU.Build.0 = Release|Any CPU
		{75997FBC-438F-46D4-A80F-AE7D41F62377}.Debug|Any CPU.ActiveCfg = Debug|Any CPU
		{75997FBC-438F-46D4-A80F-AE7D41F62377}.Debug|Any CPU.Build.0 = Debug|Any CPU
		{75997FBC-438F-46D4-A80F-AE7D41F62377}.Release|Any CPU.ActiveCfg = Release|Any CPU
		{75997FBC-438F-46D4-A80F-AE7D41F62377}.Release|Any CPU.Build.0 = Release|Any CPU
		{297183A1-C651-44A3-A385-DF8B717268FD}.Debug|Any CPU.ActiveCfg = Debug|Any CPU
		{297183A1-C651-44A3-A385-DF8B717268FD}.Debug|Any CPU.Build.0 = Debug|Any CPU
		{297183A1-C651-44A3-A385-DF8B717268FD}.Release|Any CPU.ActiveCfg = Release|Any CPU
		{297183A1-C651-44A3-A385-DF8B717268FD}.Release|Any CPU.Build.0 = Release|Any CPU
		{271CEBBF-0721-4B00-BD2C-B87D0F20A91C}.Debug|Any CPU.ActiveCfg = Debug|Any CPU
		{271CEBBF-0721-4B00-BD2C-B87D0F20A91C}.Debug|Any CPU.Build.0 = Debug|Any CPU
		{271CEBBF-0721-4B00-BD2C-B87D0F20A91C}.Release|Any CPU.ActiveCfg = Release|Any CPU
		{271CEBBF-0721-4B00-BD2C-B87D0F20A91C}.Release|Any CPU.Build.0 = Release|Any CPU
		{90A9DDB0-F649-42F2-AE22-B8717A56E95D}.Debug|Any CPU.ActiveCfg = Debug|Any CPU
		{90A9DDB0-F649-42F2-AE22-B8717A56E95D}.Debug|Any CPU.Build.0 = Debug|Any CPU
		{90A9DDB0-F649-42F2-AE22-B8717A56E95D}.Release|Any CPU.ActiveCfg = Release|Any CPU
		{90A9DDB0-F649-42F2-AE22-B8717A56E95D}.Release|Any CPU.Build.0 = Release|Any CPU
		{FF19CD65-5AEA-4A04-BBB6-A3AD4E32063D}.Debug|Any CPU.ActiveCfg = Debug|Any CPU
		{FF19CD65-5AEA-4A04-BBB6-A3AD4E32063D}.Debug|Any CPU.Build.0 = Debug|Any CPU
		{FF19CD65-5AEA-4A04-BBB6-A3AD4E32063D}.Release|Any CPU.ActiveCfg = Release|Any CPU
		{FF19CD65-5AEA-4A04-BBB6-A3AD4E32063D}.Release|Any CPU.Build.0 = Release|Any CPU
		{24804081-523D-47B0-9E43-8612A89DF6FF}.Debug|Any CPU.ActiveCfg = Debug|Any CPU
		{24804081-523D-47B0-9E43-8612A89DF6FF}.Debug|Any CPU.Build.0 = Debug|Any CPU
		{24804081-523D-47B0-9E43-8612A89DF6FF}.Release|Any CPU.ActiveCfg = Release|Any CPU
		{24804081-523D-47B0-9E43-8612A89DF6FF}.Release|Any CPU.Build.0 = Release|Any CPU
		{5DFFEBEA-415B-4942-A9E9-6408387262FC}.Debug|Any CPU.ActiveCfg = Debug|Any CPU
		{5DFFEBEA-415B-4942-A9E9-6408387262FC}.Debug|Any CPU.Build.0 = Debug|Any CPU
		{5DFFEBEA-415B-4942-A9E9-6408387262FC}.Release|Any CPU.ActiveCfg = Release|Any CPU
		{5DFFEBEA-415B-4942-A9E9-6408387262FC}.Release|Any CPU.Build.0 = Release|Any CPU
		{E6DE552D-E1AF-45E5-969F-2C00564066F9}.Debug|Any CPU.ActiveCfg = Debug|Any CPU
		{E6DE552D-E1AF-45E5-969F-2C00564066F9}.Debug|Any CPU.Build.0 = Debug|Any CPU
		{E6DE552D-E1AF-45E5-969F-2C00564066F9}.Release|Any CPU.ActiveCfg = Release|Any CPU
		{E6DE552D-E1AF-45E5-969F-2C00564066F9}.Release|Any CPU.Build.0 = Release|Any CPU
		{70FDD216-1726-4335-BC82-B8CDD0EE5122}.Debug|Any CPU.ActiveCfg = Debug|Any CPU
		{70FDD216-1726-4335-BC82-B8CDD0EE5122}.Debug|Any CPU.Build.0 = Debug|Any CPU
		{70FDD216-1726-4335-BC82-B8CDD0EE5122}.Release|Any CPU.ActiveCfg = Release|Any CPU
		{70FDD216-1726-4335-BC82-B8CDD0EE5122}.Release|Any CPU.Build.0 = Release|Any CPU
	EndGlobalSection
EndGlobal
