
Microsoft Visual Studio Solution File, Format Version 12.00
# Visual Studio Version 17
VisualStudioVersion = 17.5.002.0
MinimumVisualStudioVersion = 10.0.40219.1
Project("{2150E333-8FDC-42A3-9474-1A3956D46DE8}") = "BuildingBlocks", "BuildingBlocks", "{C054CC24-2F18-4B26-ACDA-B617A00FFC73}"
EndProject
Project("{9A19103F-16F7-4668-BE54-9A1E7A4F7556}") = "Contracts", "BuildingBlocks\Contracts\Contracts.csproj", "{32740D8A-370B-47B1-955E-3650E3FA1843}"
EndProject
Project("{9A19103F-16F7-4668-BE54-9A1E7A4F7556}") = "Shared", "BuildingBlocks\Shared\Shared.csproj", "{F4AC7BDC-9C35-4119-B8DB-10C96828557E}"
EndProject
Project("{9A19103F-16F7-4668-BE54-9A1E7A4F7556}") = "Infrastructure", "BuildingBlocks\Infrastructure\Infrastructure.csproj", "{82804520-9375-45F7-8D95-19C16444FD63}"
EndProject
Project("{9A19103F-16F7-4668-BE54-9A1E7A4F7556}") = "Logging", "BuildingBlocks\Logging\Logging.csproj", "{DCBD84AB-D011-43F7-A891-39B0A58AFF89}"
EndProject
Project("{2150E333-8FDC-42A3-9474-1A3956D46DE8}") = "ApiGateways", "ApiGateways", "{B3FC5D6F-E651-4647-B32F-1C2C1122B058}"
EndProject
Project("{9A19103F-16F7-4668-BE54-9A1E7A4F7556}") = "Ocelot.Gw", "ApiGateways\Ocelot.Gw\Ocelot.Gw.csproj", "{45E35755-50E4-490D-9183-9ACA477BCD65}"
EndProject
Project("{2150E333-8FDC-42A3-9474-1A3956D46DE8}") = "WebApps", "WebApps", "{E0CB243E-94DA-490C-92F3-41C500844D5D}"
EndProject
Project("{2150E333-8FDC-42A3-9474-1A3956D46DE8}") = "HealthCheck", "HealthCheck", "{5DA1A3C3-985A-405F-98F4-59AF55539656}"
EndProject
Project("{9A19103F-16F7-4668-BE54-9A1E7A4F7556}") = "WebApps.HealthCheck", "WebApps\HealthCheck\WebApps.HealthCheck\WebApps.HealthCheck.csproj", "{97D67A89-0AA9-4DCF-9175-2F82915B2416}"
EndProject
Project("{2150E333-8FDC-42A3-9474-1A3956D46DE8}") = "Services", "Services", "{4AA36273-ED5A-4C80-B2A9-CC766F696DE5}"
EndProject
Project("{2150E333-8FDC-42A3-9474-1A3956D46DE8}") = "Series", "Series", "{9DC1E044-F546-41C2-A729-4E8252F513A9}"
EndProject
Project("{9A19103F-16F7-4668-BE54-9A1E7A4F7556}") = "Series.Grpc", "Services\Series\Series.Grpc\Series.Grpc.csproj", "{C83A3D73-14D6-4996-AF2F-2FF83EADF5C1}"
EndProject
Project("{9A19103F-16F7-4668-BE54-9A1E7A4F7556}") = "Series.Api", "Services\Series\Series.Api\Series.Api.csproj", "{B742A9A5-196D-430F-9E3B-CCB43A3E050A}"
EndProject
Project("{2150E333-8FDC-42A3-9474-1A3956D46DE8}") = "Post", "Post", "{EFAAB84C-8A09-4317-B06D-E979F72AEB55}"
EndProject
Project("{9A19103F-16F7-4668-BE54-9A1E7A4F7556}") = "Post.Grpc", "Services\Post\Post.Grpc\Post.Grpc.csproj", "{BA1E6198-A888-4CC9-9125-3A1DA554371E}"
EndProject
Project("{9A19103F-16F7-4668-BE54-9A1E7A4F7556}") = "Post.Infrastructure", "Services\Post\Post.Infrastructure\Post.Infrastructure.csproj", "{E95AB585-865A-47BC-A6CE-238C2F32EE11}"
EndProject
Project("{9A19103F-16F7-4668-BE54-9A1E7A4F7556}") = "Post.Application", "Services\Post\Post.Application\Post.Application.csproj", "{2052255F-4E71-484C-AE6E-BFB2D2E780B5}"
EndProject
Project("{9A19103F-16F7-4668-BE54-9A1E7A4F7556}") = "Post.Domain", "Services\Post\Post.Domain\Post.Domain.csproj", "{E923A414-EC79-498B-BE88-064A7FF653FB}"
EndProject
Project("{9A19103F-16F7-4668-BE54-9A1E7A4F7556}") = "Post.Api", "Services\Post\Post.Api\Post.Api.csproj", "{EBBC1B34-B275-4913-BE10-D6E551925FFB}"
EndProject
Project("{2150E333-8FDC-42A3-9474-1A3956D46DE8}") = "Category", "Category", "{888C8CD7-A167-4DB8-A854-263E0F1C405C}"
EndProject
Project("{9A19103F-16F7-4668-BE54-9A1E7A4F7556}") = "Category.Grpc", "Services\Category\Category.Grpc\Category.Grpc.csproj", "{6E564A87-512C-4CB1-B9E3-DF55C610764A}"
EndProject
Project("{9A19103F-16F7-4668-BE54-9A1E7A4F7556}") = "Category.Api", "Services\Category\Category.Api\Category.Api.csproj", "{23BA0616-F41E-4F61-AA83-2CB3302A1A99}"
EndProject
Project("{2150E333-8FDC-42A3-9474-1A3956D46DE8}") = "PostInSeries", "PostInSeries", "{CBE3EF06-6B95-43C0-A9BE-DAA2207BC408}"
EndProject
Project("{9A19103F-16F7-4668-BE54-9A1E7A4F7556}") = "PostInSeries.Api", "Services\PostInSeries\PostInSeries.Api\PostInSeries.Api.csproj", "{9538B5DD-FEC9-4027-9F75-BA1F27409B22}"
EndProject
Project("{2150E333-8FDC-42A3-9474-1A3956D46DE8}") = "BackgroundJobs", "BackgroundJobs", "{0DD1CBB4-7904-4DB9-957B-A029D49BEEF4}"
EndProject
Project("{9A19103F-16F7-4668-BE54-9A1E7A4F7556}") = "Hangfire.Api", "Services\BackgroundJobs\Hangfire.Api\Hangfire.Api.csproj", "{108C62DD-3BE5-4848-99C7-48E5CACCB677}"
EndProject
Global
	GlobalSection(SolutionConfigurationPlatforms) = preSolution
		Debug|Any CPU = Debug|Any CPU
		Release|Any CPU = Release|Any CPU
	EndGlobalSection
	GlobalSection(ProjectConfigurationPlatforms) = postSolution
		{32740D8A-370B-47B1-955E-3650E3FA1843}.Debug|Any CPU.ActiveCfg = Debug|Any CPU
		{32740D8A-370B-47B1-955E-3650E3FA1843}.Debug|Any CPU.Build.0 = Debug|Any CPU
		{32740D8A-370B-47B1-955E-3650E3FA1843}.Release|Any CPU.ActiveCfg = Release|Any CPU
		{32740D8A-370B-47B1-955E-3650E3FA1843}.Release|Any CPU.Build.0 = Release|Any CPU
		{F4AC7BDC-9C35-4119-B8DB-10C96828557E}.Debug|Any CPU.ActiveCfg = Debug|Any CPU
		{F4AC7BDC-9C35-4119-B8DB-10C96828557E}.Debug|Any CPU.Build.0 = Debug|Any CPU
		{F4AC7BDC-9C35-4119-B8DB-10C96828557E}.Release|Any CPU.ActiveCfg = Release|Any CPU
		{F4AC7BDC-9C35-4119-B8DB-10C96828557E}.Release|Any CPU.Build.0 = Release|Any CPU
		{82804520-9375-45F7-8D95-19C16444FD63}.Debug|Any CPU.ActiveCfg = Debug|Any CPU
		{82804520-9375-45F7-8D95-19C16444FD63}.Debug|Any CPU.Build.0 = Debug|Any CPU
		{82804520-9375-45F7-8D95-19C16444FD63}.Release|Any CPU.ActiveCfg = Release|Any CPU
		{82804520-9375-45F7-8D95-19C16444FD63}.Release|Any CPU.Build.0 = Release|Any CPU
		{DCBD84AB-D011-43F7-A891-39B0A58AFF89}.Debug|Any CPU.ActiveCfg = Debug|Any CPU
		{DCBD84AB-D011-43F7-A891-39B0A58AFF89}.Debug|Any CPU.Build.0 = Debug|Any CPU
		{DCBD84AB-D011-43F7-A891-39B0A58AFF89}.Release|Any CPU.ActiveCfg = Release|Any CPU
		{DCBD84AB-D011-43F7-A891-39B0A58AFF89}.Release|Any CPU.Build.0 = Release|Any CPU
		{45E35755-50E4-490D-9183-9ACA477BCD65}.Debug|Any CPU.ActiveCfg = Debug|Any CPU
		{45E35755-50E4-490D-9183-9ACA477BCD65}.Debug|Any CPU.Build.0 = Debug|Any CPU
		{45E35755-50E4-490D-9183-9ACA477BCD65}.Release|Any CPU.ActiveCfg = Release|Any CPU
		{45E35755-50E4-490D-9183-9ACA477BCD65}.Release|Any CPU.Build.0 = Release|Any CPU
		{97D67A89-0AA9-4DCF-9175-2F82915B2416}.Debug|Any CPU.ActiveCfg = Debug|Any CPU
		{97D67A89-0AA9-4DCF-9175-2F82915B2416}.Debug|Any CPU.Build.0 = Debug|Any CPU
		{97D67A89-0AA9-4DCF-9175-2F82915B2416}.Release|Any CPU.ActiveCfg = Release|Any CPU
		{97D67A89-0AA9-4DCF-9175-2F82915B2416}.Release|Any CPU.Build.0 = Release|Any CPU
		{C83A3D73-14D6-4996-AF2F-2FF83EADF5C1}.Debug|Any CPU.ActiveCfg = Debug|Any CPU
		{C83A3D73-14D6-4996-AF2F-2FF83EADF5C1}.Debug|Any CPU.Build.0 = Debug|Any CPU
		{C83A3D73-14D6-4996-AF2F-2FF83EADF5C1}.Release|Any CPU.ActiveCfg = Release|Any CPU
		{C83A3D73-14D6-4996-AF2F-2FF83EADF5C1}.Release|Any CPU.Build.0 = Release|Any CPU
		{B742A9A5-196D-430F-9E3B-CCB43A3E050A}.Debug|Any CPU.ActiveCfg = Debug|Any CPU
		{B742A9A5-196D-430F-9E3B-CCB43A3E050A}.Debug|Any CPU.Build.0 = Debug|Any CPU
		{B742A9A5-196D-430F-9E3B-CCB43A3E050A}.Release|Any CPU.ActiveCfg = Release|Any CPU
		{B742A9A5-196D-430F-9E3B-CCB43A3E050A}.Release|Any CPU.Build.0 = Release|Any CPU
		{BA1E6198-A888-4CC9-9125-3A1DA554371E}.Debug|Any CPU.ActiveCfg = Debug|Any CPU
		{BA1E6198-A888-4CC9-9125-3A1DA554371E}.Debug|Any CPU.Build.0 = Debug|Any CPU
		{BA1E6198-A888-4CC9-9125-3A1DA554371E}.Release|Any CPU.ActiveCfg = Release|Any CPU
		{BA1E6198-A888-4CC9-9125-3A1DA554371E}.Release|Any CPU.Build.0 = Release|Any CPU
		{E95AB585-865A-47BC-A6CE-238C2F32EE11}.Debug|Any CPU.ActiveCfg = Debug|Any CPU
		{E95AB585-865A-47BC-A6CE-238C2F32EE11}.Debug|Any CPU.Build.0 = Debug|Any CPU
		{E95AB585-865A-47BC-A6CE-238C2F32EE11}.Release|Any CPU.ActiveCfg = Release|Any CPU
		{E95AB585-865A-47BC-A6CE-238C2F32EE11}.Release|Any CPU.Build.0 = Release|Any CPU
		{2052255F-4E71-484C-AE6E-BFB2D2E780B5}.Debug|Any CPU.ActiveCfg = Debug|Any CPU
		{2052255F-4E71-484C-AE6E-BFB2D2E780B5}.Debug|Any CPU.Build.0 = Debug|Any CPU
		{2052255F-4E71-484C-AE6E-BFB2D2E780B5}.Release|Any CPU.ActiveCfg = Release|Any CPU
		{2052255F-4E71-484C-AE6E-BFB2D2E780B5}.Release|Any CPU.Build.0 = Release|Any CPU
		{E923A414-EC79-498B-BE88-064A7FF653FB}.Debug|Any CPU.ActiveCfg = Debug|Any CPU
		{E923A414-EC79-498B-BE88-064A7FF653FB}.Debug|Any CPU.Build.0 = Debug|Any CPU
		{E923A414-EC79-498B-BE88-064A7FF653FB}.Release|Any CPU.ActiveCfg = Release|Any CPU
		{E923A414-EC79-498B-BE88-064A7FF653FB}.Release|Any CPU.Build.0 = Release|Any CPU
		{EBBC1B34-B275-4913-BE10-D6E551925FFB}.Debug|Any CPU.ActiveCfg = Debug|Any CPU
		{EBBC1B34-B275-4913-BE10-D6E551925FFB}.Debug|Any CPU.Build.0 = Debug|Any CPU
		{EBBC1B34-B275-4913-BE10-D6E551925FFB}.Release|Any CPU.ActiveCfg = Release|Any CPU
		{EBBC1B34-B275-4913-BE10-D6E551925FFB}.Release|Any CPU.Build.0 = Release|Any CPU
		{6E564A87-512C-4CB1-B9E3-DF55C610764A}.Debug|Any CPU.ActiveCfg = Debug|Any CPU
		{6E564A87-512C-4CB1-B9E3-DF55C610764A}.Debug|Any CPU.Build.0 = Debug|Any CPU
		{6E564A87-512C-4CB1-B9E3-DF55C610764A}.Release|Any CPU.ActiveCfg = Release|Any CPU
		{6E564A87-512C-4CB1-B9E3-DF55C610764A}.Release|Any CPU.Build.0 = Release|Any CPU
		{23BA0616-F41E-4F61-AA83-2CB3302A1A99}.Debug|Any CPU.ActiveCfg = Debug|Any CPU
		{23BA0616-F41E-4F61-AA83-2CB3302A1A99}.Debug|Any CPU.Build.0 = Debug|Any CPU
		{23BA0616-F41E-4F61-AA83-2CB3302A1A99}.Release|Any CPU.ActiveCfg = Release|Any CPU
		{23BA0616-F41E-4F61-AA83-2CB3302A1A99}.Release|Any CPU.Build.0 = Release|Any CPU
		{9538B5DD-FEC9-4027-9F75-BA1F27409B22}.Debug|Any CPU.ActiveCfg = Debug|Any CPU
		{9538B5DD-FEC9-4027-9F75-BA1F27409B22}.Debug|Any CPU.Build.0 = Debug|Any CPU
		{9538B5DD-FEC9-4027-9F75-BA1F27409B22}.Release|Any CPU.ActiveCfg = Release|Any CPU
		{9538B5DD-FEC9-4027-9F75-BA1F27409B22}.Release|Any CPU.Build.0 = Release|Any CPU
		{108C62DD-3BE5-4848-99C7-48E5CACCB677}.Debug|Any CPU.ActiveCfg = Debug|Any CPU
		{108C62DD-3BE5-4848-99C7-48E5CACCB677}.Debug|Any CPU.Build.0 = Debug|Any CPU
		{108C62DD-3BE5-4848-99C7-48E5CACCB677}.Release|Any CPU.ActiveCfg = Release|Any CPU
		{108C62DD-3BE5-4848-99C7-48E5CACCB677}.Release|Any CPU.Build.0 = Release|Any CPU
	EndGlobalSection
	GlobalSection(SolutionProperties) = preSolution
		HideSolutionNode = FALSE
	EndGlobalSection
	GlobalSection(NestedProjects) = preSolution
		{32740D8A-370B-47B1-955E-3650E3FA1843} = {C054CC24-2F18-4B26-ACDA-B617A00FFC73}
		{F4AC7BDC-9C35-4119-B8DB-10C96828557E} = {C054CC24-2F18-4B26-ACDA-B617A00FFC73}
		{82804520-9375-45F7-8D95-19C16444FD63} = {C054CC24-2F18-4B26-ACDA-B617A00FFC73}
		{DCBD84AB-D011-43F7-A891-39B0A58AFF89} = {C054CC24-2F18-4B26-ACDA-B617A00FFC73}
		{45E35755-50E4-490D-9183-9ACA477BCD65} = {B3FC5D6F-E651-4647-B32F-1C2C1122B058}
		{5DA1A3C3-985A-405F-98F4-59AF55539656} = {E0CB243E-94DA-490C-92F3-41C500844D5D}
		{97D67A89-0AA9-4DCF-9175-2F82915B2416} = {5DA1A3C3-985A-405F-98F4-59AF55539656}
		{9DC1E044-F546-41C2-A729-4E8252F513A9} = {4AA36273-ED5A-4C80-B2A9-CC766F696DE5}
		{C83A3D73-14D6-4996-AF2F-2FF83EADF5C1} = {9DC1E044-F546-41C2-A729-4E8252F513A9}
		{B742A9A5-196D-430F-9E3B-CCB43A3E050A} = {9DC1E044-F546-41C2-A729-4E8252F513A9}
		{EFAAB84C-8A09-4317-B06D-E979F72AEB55} = {4AA36273-ED5A-4C80-B2A9-CC766F696DE5}
		{BA1E6198-A888-4CC9-9125-3A1DA554371E} = {EFAAB84C-8A09-4317-B06D-E979F72AEB55}
		{E95AB585-865A-47BC-A6CE-238C2F32EE11} = {EFAAB84C-8A09-4317-B06D-E979F72AEB55}
		{2052255F-4E71-484C-AE6E-BFB2D2E780B5} = {EFAAB84C-8A09-4317-B06D-E979F72AEB55}
		{E923A414-EC79-498B-BE88-064A7FF653FB} = {EFAAB84C-8A09-4317-B06D-E979F72AEB55}
		{EBBC1B34-B275-4913-BE10-D6E551925FFB} = {EFAAB84C-8A09-4317-B06D-E979F72AEB55}
		{888C8CD7-A167-4DB8-A854-263E0F1C405C} = {4AA36273-ED5A-4C80-B2A9-CC766F696DE5}
		{6E564A87-512C-4CB1-B9E3-DF55C610764A} = {888C8CD7-A167-4DB8-A854-263E0F1C405C}
		{23BA0616-F41E-4F61-AA83-2CB3302A1A99} = {888C8CD7-A167-4DB8-A854-263E0F1C405C}
		{CBE3EF06-6B95-43C0-A9BE-DAA2207BC408} = {4AA36273-ED5A-4C80-B2A9-CC766F696DE5}
		{9538B5DD-FEC9-4027-9F75-BA1F27409B22} = {CBE3EF06-6B95-43C0-A9BE-DAA2207BC408}
		{0DD1CBB4-7904-4DB9-957B-A029D49BEEF4} = {4AA36273-ED5A-4C80-B2A9-CC766F696DE5}
		{108C62DD-3BE5-4848-99C7-48E5CACCB677} = {0DD1CBB4-7904-4DB9-957B-A029D49BEEF4}
	EndGlobalSection
	GlobalSection(ExtensibilityGlobals) = postSolution
		SolutionGuid = {8E3D9697-8144-4B16-8E6B-02F34EAB6080}
	EndGlobalSection
EndGlobal
